// !$*UTF8*$!
{
	archiveVersion = 1;
	classes = {
	};
	objectVersion = 50;
	objects = {

/* Begin PBXBuildFile section */
		2D1B864E20C6FAE2000BE110 /* MainViewController.swift in Sources */ = {isa = PBXBuildFile; fileRef = 2D1B864D20C6FAE2000BE110 /* MainViewController.swift */; };
		2D1B865220C6FD55000BE110 /* UIColor+DefaultPalette.swift in Sources */ = {isa = PBXBuildFile; fileRef = 2D1B865120C6FD55000BE110 /* UIColor+DefaultPalette.swift */; };
		2D1B865520C70031000BE110 /* Endpoint.swift in Sources */ = {isa = PBXBuildFile; fileRef = 2D1B865420C70031000BE110 /* Endpoint.swift */; };
		2D1B865820C702AE000BE110 /* Rest.swift in Sources */ = {isa = PBXBuildFile; fileRef = 2D1B865720C702AE000BE110 /* Rest.swift */; };
		2D1B866820C85ACC000BE110 /* RestTests.swift in Sources */ = {isa = PBXBuildFile; fileRef = 2D1B866720C85ACC000BE110 /* RestTests.swift */; };
		2DF45C2820C6F86600E96D26 /* AppDelegate.swift in Sources */ = {isa = PBXBuildFile; fileRef = 2DF45C2720C6F86600E96D26 /* AppDelegate.swift */; };
		2DF45C2F20C6F86800E96D26 /* Assets.xcassets in Resources */ = {isa = PBXBuildFile; fileRef = 2DF45C2E20C6F86800E96D26 /* Assets.xcassets */; };
		2DF45C3220C6F86800E96D26 /* LaunchScreen.storyboard in Resources */ = {isa = PBXBuildFile; fileRef = 2DF45C3020C6F86800E96D26 /* LaunchScreen.storyboard */; };
/* End PBXBuildFile section */

/* Begin PBXContainerItemProxy section */
		2D1B866220C85AB6000BE110 /* PBXContainerItemProxy */ = {
			isa = PBXContainerItemProxy;
			containerPortal = 2DF45C1C20C6F86600E96D26 /* Project object */;
			proxyType = 1;
			remoteGlobalIDString = 2DF45C2320C6F86600E96D26;
			remoteInfo = FinTask;
		};
/* End PBXContainerItemProxy section */

/* Begin PBXFileReference section */
		2D1B864D20C6FAE2000BE110 /* MainViewController.swift */ = {isa = PBXFileReference; lastKnownFileType = sourcecode.swift; path = MainViewController.swift; sourceTree = "<group>"; };
		2D1B865120C6FD55000BE110 /* UIColor+DefaultPalette.swift */ = {isa = PBXFileReference; lastKnownFileType = sourcecode.swift; path = "UIColor+DefaultPalette.swift"; sourceTree = "<group>"; };
		2D1B865420C70031000BE110 /* Endpoint.swift */ = {isa = PBXFileReference; lastKnownFileType = sourcecode.swift; path = Endpoint.swift; sourceTree = "<group>"; };
		2D1B865720C702AE000BE110 /* Rest.swift */ = {isa = PBXFileReference; lastKnownFileType = sourcecode.swift; path = Rest.swift; sourceTree = "<group>"; };
		2D1B865D20C85AB6000BE110 /* FinTaskTests.xctest */ = {isa = PBXFileReference; explicitFileType = wrapper.cfbundle; includeInIndex = 0; path = FinTaskTests.xctest; sourceTree = BUILT_PRODUCTS_DIR; };
		2D1B866120C85AB6000BE110 /* Info.plist */ = {isa = PBXFileReference; lastKnownFileType = text.plist.xml; path = Info.plist; sourceTree = "<group>"; };
		2D1B866720C85ACC000BE110 /* RestTests.swift */ = {isa = PBXFileReference; lastKnownFileType = sourcecode.swift; path = RestTests.swift; sourceTree = "<group>"; };
		2DF45C2420C6F86600E96D26 /* FinTask.app */ = {isa = PBXFileReference; explicitFileType = wrapper.application; includeInIndex = 0; path = FinTask.app; sourceTree = BUILT_PRODUCTS_DIR; };
		2DF45C2720C6F86600E96D26 /* AppDelegate.swift */ = {isa = PBXFileReference; lastKnownFileType = sourcecode.swift; path = AppDelegate.swift; sourceTree = "<group>"; };
		2DF45C2E20C6F86800E96D26 /* Assets.xcassets */ = {isa = PBXFileReference; lastKnownFileType = folder.assetcatalog; path = Assets.xcassets; sourceTree = "<group>"; };
		2DF45C3120C6F86800E96D26 /* Base */ = {isa = PBXFileReference; lastKnownFileType = file.storyboard; name = Base; path = Base.lproj/LaunchScreen.storyboard; sourceTree = "<group>"; };
		2DF45C3320C6F86800E96D26 /* Info.plist */ = {isa = PBXFileReference; lastKnownFileType = text.plist.xml; path = Info.plist; sourceTree = "<group>"; };
/* End PBXFileReference section */

/* Begin PBXFrameworksBuildPhase section */
		2D1B865A20C85AB6000BE110 /* Frameworks */ = {
			isa = PBXFrameworksBuildPhase;
			buildActionMask = 2147483647;
			files = (
			);
			runOnlyForDeploymentPostprocessing = 0;
		};
		2DF45C2120C6F86600E96D26 /* Frameworks */ = {
			isa = PBXFrameworksBuildPhase;
			buildActionMask = 2147483647;
			files = (
			);
			runOnlyForDeploymentPostprocessing = 0;
		};
/* End PBXFrameworksBuildPhase section */

/* Begin PBXGroup section */
		2D1B864C20C6FACA000BE110 /* UI */ = {
			isa = PBXGroup;
			children = (
				2D1B864F20C6FB55000BE110 /* Main */,
			);
			path = UI;
			sourceTree = "<group>";
		};
		2D1B864F20C6FB55000BE110 /* Main */ = {
			isa = PBXGroup;
			children = (
				2D1B864D20C6FAE2000BE110 /* MainViewController.swift */,
			);
			path = Main;
			sourceTree = "<group>";
		};
		2D1B865020C6FCC4000BE110 /* Config */ = {
			isa = PBXGroup;
			children = (
				2D1B865120C6FD55000BE110 /* UIColor+DefaultPalette.swift */,
				2D1B865420C70031000BE110 /* Endpoint.swift */,
			);
			path = Config;
			sourceTree = "<group>";
		};
		2D1B865620C70249000BE110 /* Network */ = {
			isa = PBXGroup;
			children = (
				2D1B865720C702AE000BE110 /* Rest.swift */,
			);
			path = Network;
			sourceTree = "<group>";
		};
		2D1B865E20C85AB6000BE110 /* FinTaskTests */ = {
			isa = PBXGroup;
			children = (
				2D1B866720C85ACC000BE110 /* RestTests.swift */,
				2D1B866120C85AB6000BE110 /* Info.plist */,
			);
			path = FinTaskTests;
			sourceTree = "<group>";
		};
		2DF45C1B20C6F86600E96D26 = {
			isa = PBXGroup;
			children = (
				2DF45C2620C6F86600E96D26 /* FinTask */,
				2D1B865E20C85AB6000BE110 /* FinTaskTests */,
				2DF45C2520C6F86600E96D26 /* Products */,
			);
			sourceTree = "<group>";
		};
		2DF45C2520C6F86600E96D26 /* Products */ = {
			isa = PBXGroup;
			children = (
				2DF45C2420C6F86600E96D26 /* FinTask.app */,
				2D1B865D20C85AB6000BE110 /* FinTaskTests.xctest */,
			);
			name = Products;
			sourceTree = "<group>";
		};
		2DF45C2620C6F86600E96D26 /* FinTask */ = {
			isa = PBXGroup;
			children = (
				2DF45C2720C6F86600E96D26 /* AppDelegate.swift */,
				2D1B864C20C6FACA000BE110 /* UI */,
				2D1B865620C70249000BE110 /* Network */,
				2D1B865020C6FCC4000BE110 /* Config */,
				2DF45C2E20C6F86800E96D26 /* Assets.xcassets */,
				2DF45C3020C6F86800E96D26 /* LaunchScreen.storyboard */,
				2DF45C3320C6F86800E96D26 /* Info.plist */,
			);
			path = FinTask;
			sourceTree = "<group>";
		};
/* End PBXGroup section */

/* Begin PBXNativeTarget section */
		2D1B865C20C85AB6000BE110 /* FinTaskTests */ = {
			isa = PBXNativeTarget;
			buildConfigurationList = 2D1B866420C85AB6000BE110 /* Build configuration list for PBXNativeTarget "FinTaskTests" */;
			buildPhases = (
				2D1B865920C85AB6000BE110 /* Sources */,
				2D1B865A20C85AB6000BE110 /* Frameworks */,
				2D1B865B20C85AB6000BE110 /* Resources */,
			);
			buildRules = (
			);
			dependencies = (
				2D1B866320C85AB6000BE110 /* PBXTargetDependency */,
			);
			name = FinTaskTests;
			productName = FinTaskTests;
			productReference = 2D1B865D20C85AB6000BE110 /* FinTaskTests.xctest */;
			productType = "com.apple.product-type.bundle.unit-test";
		};
		2DF45C2320C6F86600E96D26 /* FinTask */ = {
			isa = PBXNativeTarget;
			buildConfigurationList = 2DF45C3620C6F86800E96D26 /* Build configuration list for PBXNativeTarget "FinTask" */;
			buildPhases = (
				2DF45C2020C6F86600E96D26 /* Sources */,
				2DF45C2120C6F86600E96D26 /* Frameworks */,
				2DF45C2220C6F86600E96D26 /* Resources */,
			);
			buildRules = (
			);
			dependencies = (
			);
			name = FinTask;
			productName = FinTask;
			productReference = 2DF45C2420C6F86600E96D26 /* FinTask.app */;
			productType = "com.apple.product-type.application";
		};
/* End PBXNativeTarget section */

/* Begin PBXProject section */
		2DF45C1C20C6F86600E96D26 /* Project object */ = {
			isa = PBXProject;
			attributes = {
				LastSwiftUpdateCheck = 0940;
				LastUpgradeCheck = 0940;
				ORGANIZATIONNAME = "Tomasz Pieczykolan";
				TargetAttributes = {
					2D1B865C20C85AB6000BE110 = {
						CreatedOnToolsVersion = 9.4;
						TestTargetID = 2DF45C2320C6F86600E96D26;
					};
					2DF45C2320C6F86600E96D26 = {
						CreatedOnToolsVersion = 9.4;
					};
				};
			};
			buildConfigurationList = 2DF45C1F20C6F86600E96D26 /* Build configuration list for PBXProject "FinTask" */;
			compatibilityVersion = "Xcode 9.3";
			developmentRegion = en;
			hasScannedForEncodings = 0;
			knownRegions = (
				en,
				Base,
			);
			mainGroup = 2DF45C1B20C6F86600E96D26;
			productRefGroup = 2DF45C2520C6F86600E96D26 /* Products */;
			projectDirPath = "";
			projectRoot = "";
			targets = (
				2DF45C2320C6F86600E96D26 /* FinTask */,
				2D1B865C20C85AB6000BE110 /* FinTaskTests */,
			);
		};
/* End PBXProject section */

/* Begin PBXResourcesBuildPhase section */
		2D1B865B20C85AB6000BE110 /* Resources */ = {
			isa = PBXResourcesBuildPhase;
			buildActionMask = 2147483647;
			files = (
			);
			runOnlyForDeploymentPostprocessing = 0;
		};
		2DF45C2220C6F86600E96D26 /* Resources */ = {
			isa = PBXResourcesBuildPhase;
			buildActionMask = 2147483647;
			files = (
				2DF45C3220C6F86800E96D26 /* LaunchScreen.storyboard in Resources */,
				2DF45C2F20C6F86800E96D26 /* Assets.xcassets in Resources */,
			);
			runOnlyForDeploymentPostprocessing = 0;
		};
/* End PBXResourcesBuildPhase section */

/* Begin PBXSourcesBuildPhase section */
		2D1B865920C85AB6000BE110 /* Sources */ = {
			isa = PBXSourcesBuildPhase;
			buildActionMask = 2147483647;
			files = (
				2D1B866820C85ACC000BE110 /* RestTests.swift in Sources */,
			);
			runOnlyForDeploymentPostprocessing = 0;
		};
		2DF45C2020C6F86600E96D26 /* Sources */ = {
			isa = PBXSourcesBuildPhase;
			buildActionMask = 2147483647;
			files = (
				2DF45C2820C6F86600E96D26 /* AppDelegate.swift in Sources */,
				2D1B864E20C6FAE2000BE110 /* MainViewController.swift in Sources */,
				2D1B865820C702AE000BE110 /* Rest.swift in Sources */,
				2D1B865520C70031000BE110 /* Endpoint.swift in Sources */,
				2D1B865220C6FD55000BE110 /* UIColor+DefaultPalette.swift in Sources */,
			);
			runOnlyForDeploymentPostprocessing = 0;
		};
/* End PBXSourcesBuildPhase section */

/* Begin PBXTargetDependency section */
		2D1B866320C85AB6000BE110 /* PBXTargetDependency */ = {
			isa = PBXTargetDependency;
			target = 2DF45C2320C6F86600E96D26 /* FinTask */;
			targetProxy = 2D1B866220C85AB6000BE110 /* PBXContainerItemProxy */;
		};
/* End PBXTargetDependency section */

/* Begin PBXVariantGroup section */
		2DF45C3020C6F86800E96D26 /* LaunchScreen.storyboard */ = {
			isa = PBXVariantGroup;
			children = (
				2DF45C3120C6F86800E96D26 /* Base */,
			);
			name = LaunchScreen.storyboard;
			sourceTree = "<group>";
		};
/* End PBXVariantGroup section */

/* Begin XCBuildConfiguration section */
		2D1B866520C85AB6000BE110 /* Debug */ = {
			isa = XCBuildConfiguration;
			buildSettings = {
				BUNDLE_LOADER = "$(TEST_HOST)";
				CODE_SIGN_STYLE = Automatic;
				DEVELOPMENT_TEAM = 87M528HN2U;
				INFOPLIST_FILE = FinTaskTests/Info.plist;
				IPHONEOS_DEPLOYMENT_TARGET = 11.4;
				LD_RUNPATH_SEARCH_PATHS = (
					"$(inherited)",
					"@executable_path/Frameworks",
					"@loader_path/Frameworks",
				);
				PRODUCT_BUNDLE_IDENTIFIER = com.tomaszpieczykolan.development.FinTaskTests;
				PRODUCT_NAME = "$(TARGET_NAME)";
				SWIFT_VERSION = 4.0;
				TARGETED_DEVICE_FAMILY = "1,2";
				TEST_HOST = "$(BUILT_PRODUCTS_DIR)/FinTask.app/FinTask";
			};
			name = Debug;
		};
		2D1B866620C85AB6000BE110 /* Release */ = {
			isa = XCBuildConfiguration;
			buildSettings = {
				BUNDLE_LOADER = "$(TEST_HOST)";
				CODE_SIGN_STYLE = Automatic;
				DEVELOPMENT_TEAM = 87M528HN2U;
				INFOPLIST_FILE = FinTaskTests/Info.plist;
				IPHONEOS_DEPLOYMENT_TARGET = 11.4;
				LD_RUNPATH_SEARCH_PATHS = (
					"$(inherited)",
					"@executable_path/Frameworks",
					"@loader_path/Frameworks",
				);
				PRODUCT_BUNDLE_IDENTIFIER = com.tomaszpieczykolan.development.FinTaskTests;
				PRODUCT_NAME = "$(TARGET_NAME)";
				SWIFT_VERSION = 4.0;
				TARGETED_DEVICE_FAMILY = "1,2";
				TEST_HOST = "$(BUILT_PRODUCTS_DIR)/FinTask.app/FinTask";
			};
			name = Release;
		};
		2DF45C3420C6F86800E96D26 /* Debug */ = {
			isa = XCBuildConfiguration;
			buildSettings = {
				ALWAYS_SEARCH_USER_PATHS = NO;
				CLANG_ANALYZER_NONNULL = YES;
				CLANG_ANALYZER_NUMBER_OBJECT_CONVERSION = YES_AGGRESSIVE;
				CLANG_CXX_LANGUAGE_STANDARD = "gnu++14";
				CLANG_CXX_LIBRARY = "libc++";
				CLANG_ENABLE_MODULES = YES;
				CLANG_ENABLE_OBJC_ARC = YES;
				CLANG_ENABLE_OBJC_WEAK = YES;
				CLANG_WARN_BLOCK_CAPTURE_AUTORELEASING = YES;
				CLANG_WARN_BOOL_CONVERSION = YES;
				CLANG_WARN_COMMA = YES;
				CLANG_WARN_CONSTANT_CONVERSION = YES;
				CLANG_WARN_DEPRECATED_OBJC_IMPLEMENTATIONS = YES;
				CLANG_WARN_DIRECT_OBJC_ISA_USAGE = YES_ERROR;
				CLANG_WARN_DOCUMENTATION_COMMENTS = YES;
				CLANG_WARN_EMPTY_BODY = YES;
				CLANG_WARN_ENUM_CONVERSION = YES;
				CLANG_WARN_INFINITE_RECURSION = YES;
				CLANG_WARN_INT_CONVERSION = YES;
				CLANG_WARN_NON_LITERAL_NULL_CONVERSION = YES;
				CLANG_WARN_OBJC_IMPLICIT_RETAIN_SELF = YES;
				CLANG_WARN_OBJC_LITERAL_CONVERSION = YES;
				CLANG_WARN_OBJC_ROOT_CLASS = YES_ERROR;
				CLANG_WARN_RANGE_LOOP_ANALYSIS = YES;
				CLANG_WARN_STRICT_PROTOTYPES = YES;
				CLANG_WARN_SUSPICIOUS_MOVE = YES;
				CLANG_WARN_UNGUARDED_AVAILABILITY = YES_AGGRESSIVE;
				CLANG_WARN_UNREACHABLE_CODE = YES;
				CLANG_WARN__DUPLICATE_METHOD_MATCH = YES;
				CODE_SIGN_IDENTITY = "iPhone Developer";
				COPY_PHASE_STRIP = NO;
				DEBUG_INFORMATION_FORMAT = dwarf;
				ENABLE_STRICT_OBJC_MSGSEND = YES;
				ENABLE_TESTABILITY = YES;
				GCC_C_LANGUAGE_STANDARD = gnu11;
				GCC_DYNAMIC_NO_PIC = NO;
				GCC_NO_COMMON_BLOCKS = YES;
				GCC_OPTIMIZATION_LEVEL = 0;
				GCC_PREPROCESSOR_DEFINITIONS = (
					"DEBUG=1",
					"$(inherited)",
				);
				GCC_WARN_64_TO_32_BIT_CONVERSION = YES;
				GCC_WARN_ABOUT_RETURN_TYPE = YES_ERROR;
				GCC_WARN_UNDECLARED_SELECTOR = YES;
				GCC_WARN_UNINITIALIZED_AUTOS = YES_AGGRESSIVE;
				GCC_WARN_UNUSED_FUNCTION = YES;
				GCC_WARN_UNUSED_VARIABLE = YES;
				IPHONEOS_DEPLOYMENT_TARGET = 10.0;
				MTL_ENABLE_DEBUG_INFO = YES;
				ONLY_ACTIVE_ARCH = YES;
				SDKROOT = iphoneos;
				SWIFT_ACTIVE_COMPILATION_CONDITIONS = DEBUG;
				SWIFT_OPTIMIZATION_LEVEL = "-Onone";
			};
			name = Debug;
		};
		2DF45C3520C6F86800E96D26 /* Release */ = {
			isa = XCBuildConfiguration;
			buildSettings = {
				ALWAYS_SEARCH_USER_PATHS = NO;
				CLANG_ANALYZER_NONNULL = YES;
				CLANG_ANALYZER_NUMBER_OBJECT_CONVERSION = YES_AGGRESSIVE;
				CLANG_CXX_LANGUAGE_STANDARD = "gnu++14";
				CLANG_CXX_LIBRARY = "libc++";
				CLANG_ENABLE_MODULES = YES;
				CLANG_ENABLE_OBJC_ARC = YES;
				CLANG_ENABLE_OBJC_WEAK = YES;
				CLANG_WARN_BLOCK_CAPTURE_AUTORELEASING = YES;
				CLANG_WARN_BOOL_CONVERSION = YES;
				CLANG_WARN_COMMA = YES;
				CLANG_WARN_CONSTANT_CONVERSION = YES;
				CLANG_WARN_DEPRECATED_OBJC_IMPLEMENTATIONS = YES;
				CLANG_WARN_DIRECT_OBJC_ISA_USAGE = YES_ERROR;
				CLANG_WARN_DOCUMENTATION_COMMENTS = YES;
				CLANG_WARN_EMPTY_BODY = YES;
				CLANG_WARN_ENUM_CONVERSION = YES;
				CLANG_WARN_INFINITE_RECURSION = YES;
				CLANG_WARN_INT_CONVERSION = YES;
				CLANG_WARN_NON_LITERAL_NULL_CONVERSION = YES;
				CLANG_WARN_OBJC_IMPLICIT_RETAIN_SELF = YES;
				CLANG_WARN_OBJC_LITERAL_CONVERSION = YES;
				CLANG_WARN_OBJC_ROOT_CLASS = YES_ERROR;
				CLANG_WARN_RANGE_LOOP_ANALYSIS = YES;
				CLANG_WARN_STRICT_PROTOTYPES = YES;
				CLANG_WARN_SUSPICIOUS_MOVE = YES;
				CLANG_WARN_UNGUARDED_AVAILABILITY = YES_AGGRESSIVE;
				CLANG_WARN_UNREACHABLE_CODE = YES;
				CLANG_WARN__DUPLICATE_METHOD_MATCH = YES;
				CODE_SIGN_IDENTITY = "iPhone Developer";
				COPY_PHASE_STRIP = NO;
				DEBUG_INFORMATION_FORMAT = "dwarf-with-dsym";
				ENABLE_NS_ASSERTIONS = NO;
				ENABLE_STRICT_OBJC_MSGSEND = YES;
				GCC_C_LANGUAGE_STANDARD = gnu11;
				GCC_NO_COMMON_BLOCKS = YES;
				GCC_WARN_64_TO_32_BIT_CONVERSION = YES;
				GCC_WARN_ABOUT_RETURN_TYPE = YES_ERROR;
				GCC_WARN_UNDECLARED_SELECTOR = YES;
				GCC_WARN_UNINITIALIZED_AUTOS = YES_AGGRESSIVE;
				GCC_WARN_UNUSED_FUNCTION = YES;
				GCC_WARN_UNUSED_VARIABLE = YES;
				IPHONEOS_DEPLOYMENT_TARGET = 10.0;
				MTL_ENABLE_DEBUG_INFO = NO;
				SDKROOT = iphoneos;
				SWIFT_COMPILATION_MODE = wholemodule;
				SWIFT_OPTIMIZATION_LEVEL = "-O";
				VALIDATE_PRODUCT = YES;
			};
			name = Release;
		};
		2DF45C3720C6F86800E96D26 /* Debug */ = {
			isa = XCBuildConfiguration;
			buildSettings = {
				ASSETCATALOG_COMPILER_APPICON_NAME = AppIcon;
				CODE_SIGN_STYLE = Automatic;
				DEVELOPMENT_TEAM = 87M528HN2U;
				INFOPLIST_FILE = FinTask/Info.plist;
				LD_RUNPATH_SEARCH_PATHS = (
					"$(inherited)",
					"@executable_path/Frameworks",
				);
				PRODUCT_BUNDLE_IDENTIFIER = com.tomaszpieczykolan.development.FinTask;
				PRODUCT_NAME = "$(TARGET_NAME)";
				SWIFT_VERSION = 4.0;
				TARGETED_DEVICE_FAMILY = "1,2";
			};
			name = Debug;
		};
		2DF45C3820C6F86800E96D26 /* Release */ = {
			isa = XCBuildConfiguration;
			buildSettings = {
				ASSETCATALOG_COMPILER_APPICON_NAME = AppIcon;
				CODE_SIGN_STYLE = Automatic;
				DEVELOPMENT_TEAM = 87M528HN2U;
				INFOPLIST_FILE = FinTask/Info.plist;
				LD_RUNPATH_SEARCH_PATHS = (
					"$(inherited)",
					"@executable_path/Frameworks",
				);
				PRODUCT_BUNDLE_IDENTIFIER = com.tomaszpieczykolan.development.FinTask;
				PRODUCT_NAME = "$(TARGET_NAME)";
				SWIFT_VERSION = 4.0;
				TARGETED_DEVICE_FAMILY = "1,2";
			};
			name = Release;
		};
/* End XCBuildConfiguration section */

/* Begin XCConfigurationList section */
		2D1B866420C85AB6000BE110 /* Build configuration list for PBXNativeTarget "FinTaskTests" */ = {
			isa = XCConfigurationList;
			buildConfigurations = (
				2D1B866520C85AB6000BE110 /* Debug */,
				2D1B866620C85AB6000BE110 /* Release */,
			);
			defaultConfigurationIsVisible = 0;
			defaultConfigurationName = Release;
		};
		2DF45C1F20C6F86600E96D26 /* Build configuration list for PBXProject "FinTask" */ = {
			isa = XCConfigurationList;
			buildConfigurations = (
				2DF45C3420C6F86800E96D26 /* Debug */,
				2DF45C3520C6F86800E96D26 /* Release */,
			);
			defaultConfigurationIsVisible = 0;
			defaultConfigurationName = Release;
		};
		2DF45C3620C6F86800E96D26 /* Build configuration list for PBXNativeTarget "FinTask" */ = {
			isa = XCConfigurationList;
			buildConfigurations = (
				2DF45C3720C6F86800E96D26 /* Debug */,
				2DF45C3820C6F86800E96D26 /* Release */,
			);
			defaultConfigurationIsVisible = 0;
			defaultConfigurationName = Release;
		};
/* End XCConfigurationList section */
	};
	rootObject = 2DF45C1C20C6F86600E96D26 /* Project object */;
}
